
Microsoft Visual Studio Solution File, Format Version 12.00
# Visual Studio Version 16
VisualStudioVersion = 16.0.30621.155
MinimumVisualStudioVersion = 10.0.40219.1
Project("{8BC9CEB8-8B4A-11D0-8D11-00A0C91BC942}") = "week14", "week14\week14.vcxproj", "{BBF22E82-05DA-45DF-95E6-58F249A0C724}"
EndProject
Global
	GlobalSection(SolutionConfigurationPlatforms) = preSolution
		Debug|x64 = Debug|x64
		Debug|x86 = Debug|x86
		Release|x64 = Release|x64
		Release|x86 = Release|x86
	EndGlobalSection
	GlobalSection(ProjectConfigurationPlatforms) = postSolution
		{BBF22E82-05DA-45DF-95E6-58F249A0C724}.Debug|x64.ActiveCfg = Debug|x64
		{BBF22E82-05DA-45DF-95E6-58F249A0C724}.Debug|x64.Build.0 = Debug|x64
		{BBF22E82-05DA-45DF-95E6-58F249A0C724}.Debug|x86.ActiveCfg = Debug|Win32
		{BBF22E82-05DA-45DF-95E6-58F249A0C724}.Debug|x86.Build.0 = Debug|Win32
		{BBF22E82-05DA-45DF-95E6-58F249A0C724}.Release|x64.ActiveCfg = Release|x64
		{BBF22E82-05DA-45DF-95E6-58F249A0C724}.Release|x64.Build.0 = Release|x64
		{BBF22E82-05DA-45DF-95E6-58F249A0C724}.Release|x86.ActiveCfg = Release|Win32
		{BBF22E82-05DA-45DF-95E6-58F249A0C724}.Release|x86.Build.0 = Release|Win32
	EndGlobalSection
	GlobalSection(SolutionProperties) = preSolution
		HideSolutionNode = FALSE
	EndGlobalSection
	GlobalSection(ExtensibilityGlobals) = postSolution
		SolutionGuid = {9936CF76-52C4-4FA1-A4EF-83D3D8555A0F}
	EndGlobalSection
EndGlobal
